
Microsoft Visual Studio Solution File, Format Version 12.00
# Visual Studio Version 17
VisualStudioVersion = 17.5.002.0
MinimumVisualStudioVersion = 10.0.40219.1
Project("{9A19103F-16F7-4668-BE54-9A1E7A4F7556}") = "steamapi", "steamapi.csproj", "{EDA33C6A-6A9C-45F4-8F76-FB9C2657FADD}"
EndProject
Global
	GlobalSection(SolutionConfigurationPlatforms) = preSolution
		Debug|Any CPU = Debug|Any CPU
		Release|Any CPU = Release|Any CPU
	EndGlobalSection
	GlobalSection(ProjectConfigurationPlatforms) = postSolution
		{EDA33C6A-6A9C-45F4-8F76-FB9C2657FADD}.Debug|Any CPU.ActiveCfg = Debug|Any CPU
		{EDA33C6A-6A9C-45F4-8F76-FB9C2657FADD}.Debug|Any CPU.Build.0 = Debug|Any CPU
		{EDA33C6A-6A9C-45F4-8F76-FB9C2657FADD}.Release|Any CPU.ActiveCfg = Release|Any CPU
		{EDA33C6A-6A9C-45F4-8F76-FB9C2657FADD}.Release|Any CPU.Build.0 = Release|Any CPU
	EndGlobalSection
	GlobalSection(SolutionProperties) = preSolution
		HideSolutionNode = FALSE
	EndGlobalSection
	GlobalSection(ExtensibilityGlobals) = postSolution
		SolutionGuid = {20421F95-758E-4B0E-910A-20EB4C447F1A}
	EndGlobalSection
EndGlobal
